
Microsoft Visual Studio Solution File, Format Version 12.00
# Visual Studio Version 16
VisualStudioVersion = 16.0.31205.134
MinimumVisualStudioVersion = 10.0.40219.1
Project("{9A19103F-16F7-4668-BE54-9A1E7A4F7556}") = "Roman Numbers", "Roman Numbers\Roman Numbers.csproj", "{218560D6-FA0D-4CAD-B93F-88085E3F36BE}"
EndProject
Project("{9A19103F-16F7-4668-BE54-9A1E7A4F7556}") = "IntegerToWords", "IntegerToWords\IntegerToWords.csproj", "{92793F11-FA0E-4767-88DC-A9C4F4BACD71}"
EndProject
Project("{9A19103F-16F7-4668-BE54-9A1E7A4F7556}") = "InterfaceImplementations", "InterfaceImplementations\InterfaceImplementations.csproj", "{0FE13A1F-950E-4AF0-A7D8-E672E0AF9128}"
EndProject
Project("{9A19103F-16F7-4668-BE54-9A1E7A4F7556}") = "FibonacciSequence", "FibonacciSequence\FibonacciSequence.csproj", "{34572005-1A90-4D64-9404-ECAEEBF53AF2}"
EndProject
Project("{9A19103F-16F7-4668-BE54-9A1E7A4F7556}") = "SortAndSearchTasks", "SortAndSearchTasks\SortAndSearchTasks.csproj", "{E5208D02-36D3-4CA3-BE61-453E486EB35B}"
EndProject
Project("{FAE04EC0-301F-11D3-BF4B-00C04F79EFBC}") = "TestingStuff", "TestingStuff\TestingStuff.csproj", "{1D05235E-F66D-4815-951C-8B6D9795ED30}"
EndProject
Global
	GlobalSection(SolutionConfigurationPlatforms) = preSolution
		Debug|Any CPU = Debug|Any CPU
		Release|Any CPU = Release|Any CPU
	EndGlobalSection
	GlobalSection(ProjectConfigurationPlatforms) = postSolution
		{218560D6-FA0D-4CAD-B93F-88085E3F36BE}.Debug|Any CPU.ActiveCfg = Debug|Any CPU
		{218560D6-FA0D-4CAD-B93F-88085E3F36BE}.Debug|Any CPU.Build.0 = Debug|Any CPU
		{218560D6-FA0D-4CAD-B93F-88085E3F36BE}.Release|Any CPU.ActiveCfg = Release|Any CPU
		{218560D6-FA0D-4CAD-B93F-88085E3F36BE}.Release|Any CPU.Build.0 = Release|Any CPU
		{92793F11-FA0E-4767-88DC-A9C4F4BACD71}.Debug|Any CPU.ActiveCfg = Debug|Any CPU
		{92793F11-FA0E-4767-88DC-A9C4F4BACD71}.Debug|Any CPU.Build.0 = Debug|Any CPU
		{92793F11-FA0E-4767-88DC-A9C4F4BACD71}.Release|Any CPU.ActiveCfg = Release|Any CPU
		{92793F11-FA0E-4767-88DC-A9C4F4BACD71}.Release|Any CPU.Build.0 = Release|Any CPU
		{0FE13A1F-950E-4AF0-A7D8-E672E0AF9128}.Debug|Any CPU.ActiveCfg = Debug|Any CPU
		{0FE13A1F-950E-4AF0-A7D8-E672E0AF9128}.Debug|Any CPU.Build.0 = Debug|Any CPU
		{0FE13A1F-950E-4AF0-A7D8-E672E0AF9128}.Release|Any CPU.ActiveCfg = Release|Any CPU
		{0FE13A1F-950E-4AF0-A7D8-E672E0AF9128}.Release|Any CPU.Build.0 = Release|Any CPU
		{34572005-1A90-4D64-9404-ECAEEBF53AF2}.Debug|Any CPU.ActiveCfg = Debug|Any CPU
		{34572005-1A90-4D64-9404-ECAEEBF53AF2}.Debug|Any CPU.Build.0 = Debug|Any CPU
		{34572005-1A90-4D64-9404-ECAEEBF53AF2}.Release|Any CPU.ActiveCfg = Release|Any CPU
		{34572005-1A90-4D64-9404-ECAEEBF53AF2}.Release|Any CPU.Build.0 = Release|Any CPU
		{E5208D02-36D3-4CA3-BE61-453E486EB35B}.Debug|Any CPU.ActiveCfg = Debug|Any CPU
		{E5208D02-36D3-4CA3-BE61-453E486EB35B}.Debug|Any CPU.Build.0 = Debug|Any CPU
		{E5208D02-36D3-4CA3-BE61-453E486EB35B}.Release|Any CPU.ActiveCfg = Release|Any CPU
		{E5208D02-36D3-4CA3-BE61-453E486EB35B}.Release|Any CPU.Build.0 = Release|Any CPU
		{1D05235E-F66D-4815-951C-8B6D9795ED30}.Debug|Any CPU.ActiveCfg = Debug|Any CPU
		{1D05235E-F66D-4815-951C-8B6D9795ED30}.Debug|Any CPU.Build.0 = Debug|Any CPU
		{1D05235E-F66D-4815-951C-8B6D9795ED30}.Release|Any CPU.ActiveCfg = Release|Any CPU
		{1D05235E-F66D-4815-951C-8B6D9795ED30}.Release|Any CPU.Build.0 = Release|Any CPU
	EndGlobalSection
	GlobalSection(SolutionProperties) = preSolution
		HideSolutionNode = FALSE
	EndGlobalSection
	GlobalSection(ExtensibilityGlobals) = postSolution
		SolutionGuid = {7C319F2B-0931-49FD-99DB-21ABF916185E}
	EndGlobalSection
EndGlobal
